
Microsoft Visual Studio Solution File, Format Version 12.00
# Visual Studio Version 17
VisualStudioVersion = 17.10.35027.167
MinimumVisualStudioVersion = 10.0.40219.1
Project("{9A19103F-16F7-4668-BE54-9A1E7A4F7556}") = "Algorithms", "Algorithms\Algorithms.csproj", "{122C7A33-6A4D-4F23-825D-F540BBBCD2ED}"
EndProject
Project("{9A19103F-16F7-4668-BE54-9A1E7A4F7556}") = "DataStructures", "DataStructures\DataStructures.csproj", "{70767FE8-C52C-405C-B0D5-35C76DB4810A}"
EndProject
Project("{9A19103F-16F7-4668-BE54-9A1E7A4F7556}") = "Algorithms.Test", "Algorithms.Tests\Algorithms.Test.csproj", "{23687A00-D3E4-4521-A72D-4EA60637DABA}"
EndProject
Project("{9A19103F-16F7-4668-BE54-9A1E7A4F7556}") = "DataStructures.Test", "DataStructures.Test\DataStructures.Test.csproj", "{679450B6-E14E-426E-A514-3BADE533BD8C}"
EndProject
Project("{9A19103F-16F7-4668-BE54-9A1E7A4F7556}") = "HackerRank", "HackerRank\HackerRank.csproj", "{6F1127FA-7109-4811-80F0-66C3973F2AB1}"
EndProject
Project("{9A19103F-16F7-4668-BE54-9A1E7A4F7556}") = "LeetCode", "LeetCode\LeetCode.csproj", "{B910FF7F-E47D-4F91-A335-C5C8C1745759}"
EndProject
Project("{2150E333-8FDC-42A3-9474-1A3956D46DE8}") = "3. Tests", "3. Tests", "{C130985E-7AB7-41EC-B815-6693B9161BD7}"
EndProject
Project("{2150E333-8FDC-42A3-9474-1A3956D46DE8}") = "1. Source", "1. Source", "{45E8333B-07D9-430E-9CE2-A25E7EE52527}"
EndProject
Project("{2150E333-8FDC-42A3-9474-1A3956D46DE8}") = "2. Practice", "2. Practice", "{B60F5786-D4C6-4CE9-AFF3-4486F33237F4}"
EndProject
Project("{FAE04EC0-301F-11D3-BF4B-00C04F79EFBC}") = "HackerRank.Test", "HackerRank.Tests\HackerRank.Test.csproj", "{AAF124D9-0EEE-41C8-A83F-112CF8C4A3D9}"
EndProject
Project("{FAE04EC0-301F-11D3-BF4B-00C04F79EFBC}") = "LeetCode.Tests", "LeetCode.Tests\LeetCode.Tests.csproj", "{A2901A78-7A00-4C9F-A427-C62537F77F5C}"
EndProject
Global
	GlobalSection(SolutionConfigurationPlatforms) = preSolution
		Debug|Any CPU = Debug|Any CPU
		Release|Any CPU = Release|Any CPU
	EndGlobalSection
	GlobalSection(ProjectConfigurationPlatforms) = postSolution
		{122C7A33-6A4D-4F23-825D-F540BBBCD2ED}.Debug|Any CPU.ActiveCfg = Debug|Any CPU
		{122C7A33-6A4D-4F23-825D-F540BBBCD2ED}.Debug|Any CPU.Build.0 = Debug|Any CPU
		{122C7A33-6A4D-4F23-825D-F540BBBCD2ED}.Release|Any CPU.ActiveCfg = Release|Any CPU
		{122C7A33-6A4D-4F23-825D-F540BBBCD2ED}.Release|Any CPU.Build.0 = Release|Any CPU
		{70767FE8-C52C-405C-B0D5-35C76DB4810A}.Debug|Any CPU.ActiveCfg = Debug|Any CPU
		{70767FE8-C52C-405C-B0D5-35C76DB4810A}.Debug|Any CPU.Build.0 = Debug|Any CPU
		{70767FE8-C52C-405C-B0D5-35C76DB4810A}.Release|Any CPU.ActiveCfg = Release|Any CPU
		{70767FE8-C52C-405C-B0D5-35C76DB4810A}.Release|Any CPU.Build.0 = Release|Any CPU
		{23687A00-D3E4-4521-A72D-4EA60637DABA}.Debug|Any CPU.ActiveCfg = Debug|Any CPU
		{23687A00-D3E4-4521-A72D-4EA60637DABA}.Debug|Any CPU.Build.0 = Debug|Any CPU
		{23687A00-D3E4-4521-A72D-4EA60637DABA}.Release|Any CPU.ActiveCfg = Release|Any CPU
		{23687A00-D3E4-4521-A72D-4EA60637DABA}.Release|Any CPU.Build.0 = Release|Any CPU
		{679450B6-E14E-426E-A514-3BADE533BD8C}.Debug|Any CPU.ActiveCfg = Debug|Any CPU
		{679450B6-E14E-426E-A514-3BADE533BD8C}.Debug|Any CPU.Build.0 = Debug|Any CPU
		{679450B6-E14E-426E-A514-3BADE533BD8C}.Release|Any CPU.ActiveCfg = Release|Any CPU
		{679450B6-E14E-426E-A514-3BADE533BD8C}.Release|Any CPU.Build.0 = Release|Any CPU
		{6F1127FA-7109-4811-80F0-66C3973F2AB1}.Debug|Any CPU.ActiveCfg = Debug|Any CPU
		{6F1127FA-7109-4811-80F0-66C3973F2AB1}.Debug|Any CPU.Build.0 = Debug|Any CPU
		{6F1127FA-7109-4811-80F0-66C3973F2AB1}.Release|Any CPU.ActiveCfg = Release|Any CPU
		{6F1127FA-7109-4811-80F0-66C3973F2AB1}.Release|Any CPU.Build.0 = Release|Any CPU
		{B910FF7F-E47D-4F91-A335-C5C8C1745759}.Debug|Any CPU.ActiveCfg = Debug|Any CPU
		{B910FF7F-E47D-4F91-A335-C5C8C1745759}.Debug|Any CPU.Build.0 = Debug|Any CPU
		{B910FF7F-E47D-4F91-A335-C5C8C1745759}.Release|Any CPU.ActiveCfg = Release|Any CPU
		{B910FF7F-E47D-4F91-A335-C5C8C1745759}.Release|Any CPU.Build.0 = Release|Any CPU
		{AAF124D9-0EEE-41C8-A83F-112CF8C4A3D9}.Debug|Any CPU.ActiveCfg = Debug|Any CPU
		{AAF124D9-0EEE-41C8-A83F-112CF8C4A3D9}.Debug|Any CPU.Build.0 = Debug|Any CPU
		{AAF124D9-0EEE-41C8-A83F-112CF8C4A3D9}.Release|Any CPU.ActiveCfg = Release|Any CPU
		{AAF124D9-0EEE-41C8-A83F-112CF8C4A3D9}.Release|Any CPU.Build.0 = Release|Any CPU
		{A2901A78-7A00-4C9F-A427-C62537F77F5C}.Debug|Any CPU.ActiveCfg = Debug|Any CPU
		{A2901A78-7A00-4C9F-A427-C62537F77F5C}.Debug|Any CPU.Build.0 = Debug|Any CPU
		{A2901A78-7A00-4C9F-A427-C62537F77F5C}.Release|Any CPU.ActiveCfg = Release|Any CPU
		{A2901A78-7A00-4C9F-A427-C62537F77F5C}.Release|Any CPU.Build.0 = Release|Any CPU
	EndGlobalSection
	GlobalSection(SolutionProperties) = preSolution
		HideSolutionNode = FALSE
	EndGlobalSection
	GlobalSection(NestedProjects) = preSolution
		{122C7A33-6A4D-4F23-825D-F540BBBCD2ED} = {45E8333B-07D9-430E-9CE2-A25E7EE52527}
		{70767FE8-C52C-405C-B0D5-35C76DB4810A} = {45E8333B-07D9-430E-9CE2-A25E7EE52527}
		{23687A00-D3E4-4521-A72D-4EA60637DABA} = {C130985E-7AB7-41EC-B815-6693B9161BD7}
		{679450B6-E14E-426E-A514-3BADE533BD8C} = {C130985E-7AB7-41EC-B815-6693B9161BD7}
		{6F1127FA-7109-4811-80F0-66C3973F2AB1} = {B60F5786-D4C6-4CE9-AFF3-4486F33237F4}
		{B910FF7F-E47D-4F91-A335-C5C8C1745759} = {B60F5786-D4C6-4CE9-AFF3-4486F33237F4}
		{AAF124D9-0EEE-41C8-A83F-112CF8C4A3D9} = {C130985E-7AB7-41EC-B815-6693B9161BD7}
		{A2901A78-7A00-4C9F-A427-C62537F77F5C} = {C130985E-7AB7-41EC-B815-6693B9161BD7}
	EndGlobalSection
	GlobalSection(ExtensibilityGlobals) = postSolution
		SolutionGuid = {B693EF67-20F6-4DD8-BCF8-867158C0C93B}
	EndGlobalSection
EndGlobal
