
Microsoft Visual Studio Solution File, Format Version 12.00
# Visual Studio Version 17
VisualStudioVersion = 17.10.35027.167
MinimumVisualStudioVersion = 10.0.40219.1
Project("{FAE04EC0-301F-11D3-BF4B-00C04F79EFBC}") = "Algorithms", "Algorithms\Algorithms.csproj", "{122C7A33-6A4D-4F23-825D-F540BBBCD2ED}"
EndProject
Project("{FAE04EC0-301F-11D3-BF4B-00C04F79EFBC}") = "DataStructures", "DataStructures\DataStructures.csproj", "{70767FE8-C52C-405C-B0D5-35C76DB4810A}"
EndProject
Project("{FAE04EC0-301F-11D3-BF4B-00C04F79EFBC}") = "Algorithms.Tests", "Algorithms.Tests\Algorithms.Tests.csproj", "{23687A00-D3E4-4521-A72D-4EA60637DABA}"
EndProject
Project("{FAE04EC0-301F-11D3-BF4B-00C04F79EFBC}") = "DataStructures.Test", "DataStructures.Test\DataStructures.Test.csproj", "{679450B6-E14E-426E-A514-3BADE533BD8C}"
EndProject
Global
	GlobalSection(SolutionConfigurationPlatforms) = preSolution
		Debug|Any CPU = Debug|Any CPU
		Release|Any CPU = Release|Any CPU
	EndGlobalSection
	GlobalSection(ProjectConfigurationPlatforms) = postSolution
		{122C7A33-6A4D-4F23-825D-F540BBBCD2ED}.Debug|Any CPU.ActiveCfg = Debug|Any CPU
		{122C7A33-6A4D-4F23-825D-F540BBBCD2ED}.Debug|Any CPU.Build.0 = Debug|Any CPU
		{122C7A33-6A4D-4F23-825D-F540BBBCD2ED}.Release|Any CPU.ActiveCfg = Release|Any CPU
		{122C7A33-6A4D-4F23-825D-F540BBBCD2ED}.Release|Any CPU.Build.0 = Release|Any CPU
		{70767FE8-C52C-405C-B0D5-35C76DB4810A}.Debug|Any CPU.ActiveCfg = Debug|Any CPU
		{70767FE8-C52C-405C-B0D5-35C76DB4810A}.Debug|Any CPU.Build.0 = Debug|Any CPU
		{70767FE8-C52C-405C-B0D5-35C76DB4810A}.Release|Any CPU.ActiveCfg = Release|Any CPU
		{70767FE8-C52C-405C-B0D5-35C76DB4810A}.Release|Any CPU.Build.0 = Release|Any CPU
		{23687A00-D3E4-4521-A72D-4EA60637DABA}.Debug|Any CPU.ActiveCfg = Debug|Any CPU
		{23687A00-D3E4-4521-A72D-4EA60637DABA}.Debug|Any CPU.Build.0 = Debug|Any CPU
		{23687A00-D3E4-4521-A72D-4EA60637DABA}.Release|Any CPU.ActiveCfg = Release|Any CPU
		{23687A00-D3E4-4521-A72D-4EA60637DABA}.Release|Any CPU.Build.0 = Release|Any CPU
		{679450B6-E14E-426E-A514-3BADE533BD8C}.Debug|Any CPU.ActiveCfg = Debug|Any CPU
		{679450B6-E14E-426E-A514-3BADE533BD8C}.Debug|Any CPU.Build.0 = Debug|Any CPU
		{679450B6-E14E-426E-A514-3BADE533BD8C}.Release|Any CPU.ActiveCfg = Release|Any CPU
		{679450B6-E14E-426E-A514-3BADE533BD8C}.Release|Any CPU.Build.0 = Release|Any CPU
	EndGlobalSection
	GlobalSection(SolutionProperties) = preSolution
		HideSolutionNode = FALSE
	EndGlobalSection
	GlobalSection(ExtensibilityGlobals) = postSolution
		SolutionGuid = {B693EF67-20F6-4DD8-BCF8-867158C0C93B}
	EndGlobalSection
EndGlobal
